// !$*UTF8*$!
{
	archiveVersion = 1;
	classes = {
	};
	objectVersion = 56;
	objects = {

/* Begin PBXBuildFile section */
		5E0F41492A55B2B400889BF6 /* HarmonizeMenuBarExtraApp.swift in Sources */ = {isa = PBXBuildFile; fileRef = 5E0F41482A55B2B400889BF6 /* HarmonizeMenuBarExtraApp.swift */; };
		5E0F414B2A55B2B400889BF6 /* ContentView.swift in Sources */ = {isa = PBXBuildFile; fileRef = 5E0F414A2A55B2B400889BF6 /* ContentView.swift */; };
		5E0F414D2A55B2B400889BF6 /* Assets.xcassets in Resources */ = {isa = PBXBuildFile; fileRef = 5E0F414C2A55B2B400889BF6 /* Assets.xcassets */; };
		5E0F41502A55B2B400889BF6 /* Preview Assets.xcassets in Resources */ = {isa = PBXBuildFile; fileRef = 5E0F414F2A55B2B400889BF6 /* Preview Assets.xcassets */; };
		5E0F41582A55B31400889BF6 /* MenuBarView.swift in Sources */ = {isa = PBXBuildFile; fileRef = 5E0F41572A55B31400889BF6 /* MenuBarView.swift */; };
		5E317F672A5F200B00E9D619 /* AppRowView.swift in Sources */ = {isa = PBXBuildFile; fileRef = 5E317F662A5F200B00E9D619 /* AppRowView.swift */; };
		5E41FAA62A6703D60047E360 /* applications.json in Resources */ = {isa = PBXBuildFile; fileRef = 5E41FAA52A6703D60047E360 /* applications.json */; };
		5E41FAA82A6704430047E360 /* AppLibraryView.swift in Sources */ = {isa = PBXBuildFile; fileRef = 5E41FAA72A6704430047E360 /* AppLibraryView.swift */; };
		5E47EB5B2A61D8F400AD7D06 /* PolicyDetailView.swift in Sources */ = {isa = PBXBuildFile; fileRef = 5E47EB5A2A61D8F400AD7D06 /* PolicyDetailView.swift */; };
		5E4B4FFE2A5DF45A00A06336 /* RequestAppAccessCard.swift in Sources */ = {isa = PBXBuildFile; fileRef = 5E4B4FFA2A5DF45A00A06336 /* RequestAppAccessCard.swift */; };
		5E4B4FFF2A5DF45A00A06336 /* ViewAppAccessCard.swift in Sources */ = {isa = PBXBuildFile; fileRef = 5E4B4FFB2A5DF45A00A06336 /* ViewAppAccessCard.swift */; };
		5E4B50002A5DF45A00A06336 /* ViewGroupsCard.swift in Sources */ = {isa = PBXBuildFile; fileRef = 5E4B4FFC2A5DF45A00A06336 /* ViewGroupsCard.swift */; };
		5E4B50012A5DF45A00A06336 /* UserPreviewView.swift in Sources */ = {isa = PBXBuildFile; fileRef = 5E4B4FFD2A5DF45A00A06336 /* UserPreviewView.swift */; };
		5E80D0EC2A8150EF00B148EB /* EscrowKeyView.swift in Sources */ = {isa = PBXBuildFile; fileRef = 5E80D0EB2A8150EF00B148EB /* EscrowKeyView.swift */; };
		5E8785692A7057CB0085354B /* AppCardView.swift in Sources */ = {isa = PBXBuildFile; fileRef = 5E8785682A7057CB0085354B /* AppCardView.swift */; };
		5EB09A0A2A65D35500EAC696 /* DevicePolicyRow.swift in Sources */ = {isa = PBXBuildFile; fileRef = 5EB09A092A65D35500EAC696 /* DevicePolicyRow.swift */; };
		5EB09A0C2A65D83500EAC696 /* RequestAccessView.swift in Sources */ = {isa = PBXBuildFile; fileRef = 5EB09A0B2A65D83500EAC696 /* RequestAccessView.swift */; };
		5EB6BA762A5F240D00B72537 /* MyAppAccessView.swift in Sources */ = {isa = PBXBuildFile; fileRef = 5EB6BA752A5F240D00B72537 /* MyAppAccessView.swift */; };
		5EE161D42A7C2F9900163390 /* Host.swift in Sources */ = {isa = PBXBuildFile; fileRef = 5EE161D32A7C2F9900163390 /* Host.swift */; };
		5EE161D92A7C360400163390 /* NetworkManager.swift in Sources */ = {isa = PBXBuildFile; fileRef = 5EE161D82A7C360400163390 /* NetworkManager.swift */; };
		5EE161DB2A7C368500163390 /* Endpoint.swift in Sources */ = {isa = PBXBuildFile; fileRef = 5EE161DA2A7C368500163390 /* Endpoint.swift */; };
		5EFAC0002A5E07EE0070FBAC /* user.json in Resources */ = {isa = PBXBuildFile; fileRef = 5EFABFFF2A5E07EE0070FBAC /* user.json */; };
		5EFAC0022A5E08170070FBAC /* User.swift in Sources */ = {isa = PBXBuildFile; fileRef = 5EFAC0012A5E08170070FBAC /* User.swift */; };
		5EFAC0092A5E08ED0070FBAC /* FileManager-DocumentsDirectory.swift in Sources */ = {isa = PBXBuildFile; fileRef = 5EFAC0072A5E08ED0070FBAC /* FileManager-DocumentsDirectory.swift */; };
		5EFAC00A2A5E08ED0070FBAC /* Bundle-Decodable.swift in Sources */ = {isa = PBXBuildFile; fileRef = 5EFAC0082A5E08ED0070FBAC /* Bundle-Decodable.swift */; };
/* End PBXBuildFile section */

/* Begin PBXFileReference section */
		5E0F41452A55B2B400889BF6 /* HarmonizeMenuBarExtra.app */ = {isa = PBXFileReference; explicitFileType = wrapper.application; includeInIndex = 0; path = HarmonizeMenuBarExtra.app; sourceTree = BUILT_PRODUCTS_DIR; };
		5E0F41482A55B2B400889BF6 /* HarmonizeMenuBarExtraApp.swift */ = {isa = PBXFileReference; lastKnownFileType = sourcecode.swift; path = HarmonizeMenuBarExtraApp.swift; sourceTree = "<group>"; };
		5E0F414A2A55B2B400889BF6 /* ContentView.swift */ = {isa = PBXFileReference; lastKnownFileType = sourcecode.swift; path = ContentView.swift; sourceTree = "<group>"; };
		5E0F414C2A55B2B400889BF6 /* Assets.xcassets */ = {isa = PBXFileReference; lastKnownFileType = folder.assetcatalog; path = Assets.xcassets; sourceTree = "<group>"; };
		5E0F414F2A55B2B400889BF6 /* Preview Assets.xcassets */ = {isa = PBXFileReference; lastKnownFileType = folder.assetcatalog; path = "Preview Assets.xcassets"; sourceTree = "<group>"; };
		5E0F41512A55B2B400889BF6 /* HarmonizeMenuBarExtra.entitlements */ = {isa = PBXFileReference; lastKnownFileType = text.plist.entitlements; path = HarmonizeMenuBarExtra.entitlements; sourceTree = "<group>"; };
		5E0F41572A55B31400889BF6 /* MenuBarView.swift */ = {isa = PBXFileReference; lastKnownFileType = sourcecode.swift; path = MenuBarView.swift; sourceTree = "<group>"; };
		5E317F662A5F200B00E9D619 /* AppRowView.swift */ = {isa = PBXFileReference; lastKnownFileType = sourcecode.swift; path = AppRowView.swift; sourceTree = "<group>"; };
		5E41FAA52A6703D60047E360 /* applications.json */ = {isa = PBXFileReference; fileEncoding = 4; lastKnownFileType = text.json; path = applications.json; sourceTree = "<group>"; };
		5E41FAA72A6704430047E360 /* AppLibraryView.swift */ = {isa = PBXFileReference; lastKnownFileType = sourcecode.swift; path = AppLibraryView.swift; sourceTree = "<group>"; };
		5E47EB5A2A61D8F400AD7D06 /* PolicyDetailView.swift */ = {isa = PBXFileReference; lastKnownFileType = sourcecode.swift; path = PolicyDetailView.swift; sourceTree = "<group>"; };
		5E4B4FFA2A5DF45A00A06336 /* RequestAppAccessCard.swift */ = {isa = PBXFileReference; fileEncoding = 4; lastKnownFileType = sourcecode.swift; path = RequestAppAccessCard.swift; sourceTree = "<group>"; };
		5E4B4FFB2A5DF45A00A06336 /* ViewAppAccessCard.swift */ = {isa = PBXFileReference; fileEncoding = 4; lastKnownFileType = sourcecode.swift; path = ViewAppAccessCard.swift; sourceTree = "<group>"; };
		5E4B4FFC2A5DF45A00A06336 /* ViewGroupsCard.swift */ = {isa = PBXFileReference; fileEncoding = 4; lastKnownFileType = sourcecode.swift; path = ViewGroupsCard.swift; sourceTree = "<group>"; };
		5E4B4FFD2A5DF45A00A06336 /* UserPreviewView.swift */ = {isa = PBXFileReference; fileEncoding = 4; lastKnownFileType = sourcecode.swift; path = UserPreviewView.swift; sourceTree = "<group>"; };
		5E80D0EB2A8150EF00B148EB /* EscrowKeyView.swift */ = {isa = PBXFileReference; lastKnownFileType = sourcecode.swift; path = EscrowKeyView.swift; sourceTree = "<group>"; };
		5E8672702A55EAA80056B9BD /* Info.plist */ = {isa = PBXFileReference; lastKnownFileType = text.plist.xml; path = Info.plist; sourceTree = "<group>"; };
		5E8785682A7057CB0085354B /* AppCardView.swift */ = {isa = PBXFileReference; lastKnownFileType = sourcecode.swift; path = AppCardView.swift; sourceTree = "<group>"; };
		5EB09A092A65D35500EAC696 /* DevicePolicyRow.swift */ = {isa = PBXFileReference; lastKnownFileType = sourcecode.swift; path = DevicePolicyRow.swift; sourceTree = "<group>"; };
		5EB09A0B2A65D83500EAC696 /* RequestAccessView.swift */ = {isa = PBXFileReference; lastKnownFileType = sourcecode.swift; path = RequestAccessView.swift; sourceTree = "<group>"; };
		5EB6BA752A5F240D00B72537 /* MyAppAccessView.swift */ = {isa = PBXFileReference; lastKnownFileType = sourcecode.swift; path = MyAppAccessView.swift; sourceTree = "<group>"; };
		5EE161D22A7C2A9C00163390 /* Config.xcconfig */ = {isa = PBXFileReference; lastKnownFileType = text.xcconfig; path = Config.xcconfig; sourceTree = "<group>"; };
		5EE161D32A7C2F9900163390 /* Host.swift */ = {isa = PBXFileReference; lastKnownFileType = sourcecode.swift; path = Host.swift; sourceTree = "<group>"; };
		5EE161D82A7C360400163390 /* NetworkManager.swift */ = {isa = PBXFileReference; lastKnownFileType = sourcecode.swift; path = NetworkManager.swift; sourceTree = "<group>"; };
		5EE161DA2A7C368500163390 /* Endpoint.swift */ = {isa = PBXFileReference; lastKnownFileType = sourcecode.swift; path = Endpoint.swift; sourceTree = "<group>"; };
		5EFABFFF2A5E07EE0070FBAC /* user.json */ = {isa = PBXFileReference; fileEncoding = 4; lastKnownFileType = text.json; path = user.json; sourceTree = "<group>"; };
		5EFAC0012A5E08170070FBAC /* User.swift */ = {isa = PBXFileReference; fileEncoding = 4; lastKnownFileType = sourcecode.swift; path = User.swift; sourceTree = "<group>"; };
		5EFAC0072A5E08ED0070FBAC /* FileManager-DocumentsDirectory.swift */ = {isa = PBXFileReference; fileEncoding = 4; lastKnownFileType = sourcecode.swift; path = "FileManager-DocumentsDirectory.swift"; sourceTree = "<group>"; };
		5EFAC0082A5E08ED0070FBAC /* Bundle-Decodable.swift */ = {isa = PBXFileReference; fileEncoding = 4; lastKnownFileType = sourcecode.swift; path = "Bundle-Decodable.swift"; sourceTree = "<group>"; };
/* End PBXFileReference section */

/* Begin PBXFrameworksBuildPhase section */
		5E0F41422A55B2B400889BF6 /* Frameworks */ = {
			isa = PBXFrameworksBuildPhase;
			buildActionMask = 2147483647;
			files = (
			);
			runOnlyForDeploymentPostprocessing = 0;
		};
/* End PBXFrameworksBuildPhase section */

/* Begin PBXGroup section */
		5E0F413C2A55B2B400889BF6 = {
			isa = PBXGroup;
			children = (
				5E0F41472A55B2B400889BF6 /* HarmonizeMenuBarExtra */,
				5E0F41462A55B2B400889BF6 /* Products */,
			);
			sourceTree = "<group>";
		};
		5E0F41462A55B2B400889BF6 /* Products */ = {
			isa = PBXGroup;
			children = (
				5E0F41452A55B2B400889BF6 /* HarmonizeMenuBarExtra.app */,
			);
			name = Products;
			sourceTree = "<group>";
		};
		5E0F41472A55B2B400889BF6 /* HarmonizeMenuBarExtra */ = {
			isa = PBXGroup;
			children = (
				5E0F41482A55B2B400889BF6 /* HarmonizeMenuBarExtraApp.swift */,
				5EFAC0062A5E08CE0070FBAC /* Extensions */,
				5EFAC0032A5E089B0070FBAC /* Models */,
				5EE161D72A7C356B00163390 /* Controllers */,
				5EFAC0042A5E08AB0070FBAC /* Views */,
				5EE161CF2A7C29E600163390 /* Configuration */,
				5E0F414C2A55B2B400889BF6 /* Assets.xcassets */,
				5E0F414E2A55B2B400889BF6 /* Preview Content */,
			);
			path = HarmonizeMenuBarExtra;
			sourceTree = "<group>";
		};
		5E0F414E2A55B2B400889BF6 /* Preview Content */ = {
			isa = PBXGroup;
			children = (
				5E0F414F2A55B2B400889BF6 /* Preview Assets.xcassets */,
			);
			path = "Preview Content";
			sourceTree = "<group>";
		};
		5EE161CF2A7C29E600163390 /* Configuration */ = {
			isa = PBXGroup;
			children = (
				5EFABFFF2A5E07EE0070FBAC /* user.json */,
				5E41FAA52A6703D60047E360 /* applications.json */,
				5EE161D22A7C2A9C00163390 /* Config.xcconfig */,
				5E8672702A55EAA80056B9BD /* Info.plist */,
				5E0F41512A55B2B400889BF6 /* HarmonizeMenuBarExtra.entitlements */,
			);
			path = Configuration;
			sourceTree = "<group>";
		};
		5EE161D72A7C356B00163390 /* Controllers */ = {
			isa = PBXGroup;
			children = (
				5EE161D82A7C360400163390 /* NetworkManager.swift */,
			);
			path = Controllers;
			sourceTree = "<group>";
		};
		5EFAC0032A5E089B0070FBAC /* Models */ = {
			isa = PBXGroup;
			children = (
				5EFAC0012A5E08170070FBAC /* User.swift */,
				5EE161D32A7C2F9900163390 /* Host.swift */,
				5EE161DA2A7C368500163390 /* Endpoint.swift */,
			);
			path = Models;
			sourceTree = "<group>";
		};
		5EFAC0042A5E08AB0070FBAC /* Views */ = {
			isa = PBXGroup;
			children = (
				5EB09A0B2A65D83500EAC696 /* RequestAccessView.swift */,
				5E0F414A2A55B2B400889BF6 /* ContentView.swift */,
				5E0F41572A55B31400889BF6 /* MenuBarView.swift */,
				5E80D0EB2A8150EF00B148EB /* EscrowKeyView.swift */,
				5E47EB5A2A61D8F400AD7D06 /* PolicyDetailView.swift */,
				5E317F662A5F200B00E9D619 /* AppRowView.swift */,
				5E4B4FFD2A5DF45A00A06336 /* UserPreviewView.swift */,
				5EB6BA752A5F240D00B72537 /* MyAppAccessView.swift */,
				5E41FAA72A6704430047E360 /* AppLibraryView.swift */,
				5E8785682A7057CB0085354B /* AppCardView.swift */,
				5EB09A092A65D35500EAC696 /* DevicePolicyRow.swift */,
				5EFAC0052A5E08B10070FBAC /* Cards */,
			);
			path = Views;
			sourceTree = "<group>";
		};
		5EFAC0052A5E08B10070FBAC /* Cards */ = {
			isa = PBXGroup;
			children = (
				5E4B4FFA2A5DF45A00A06336 /* RequestAppAccessCard.swift */,
				5E4B4FFB2A5DF45A00A06336 /* ViewAppAccessCard.swift */,
				5E4B4FFC2A5DF45A00A06336 /* ViewGroupsCard.swift */,
			);
			path = Cards;
			sourceTree = "<group>";
		};
		5EFAC0062A5E08CE0070FBAC /* Extensions */ = {
			isa = PBXGroup;
			children = (
				5EFAC0082A5E08ED0070FBAC /* Bundle-Decodable.swift */,
				5EFAC0072A5E08ED0070FBAC /* FileManager-DocumentsDirectory.swift */,
			);
			path = Extensions;
			sourceTree = "<group>";
		};
/* End PBXGroup section */

/* Begin PBXNativeTarget section */
		5E0F41442A55B2B400889BF6 /* HarmonizeMenuBarExtra */ = {
			isa = PBXNativeTarget;
			buildConfigurationList = 5E0F41542A55B2B400889BF6 /* Build configuration list for PBXNativeTarget "HarmonizeMenuBarExtra" */;
			buildPhases = (
				5E0F41412A55B2B400889BF6 /* Sources */,
				5E0F41422A55B2B400889BF6 /* Frameworks */,
				5E0F41432A55B2B400889BF6 /* Resources */,
				5E8785672A70414F0085354B /* SwiftLint */,
			);
			buildRules = (
			);
			dependencies = (
			);
			name = HarmonizeMenuBarExtra;
			packageProductDependencies = (
			);
			productName = HarmonizeMenuBarExtra;
			productReference = 5E0F41452A55B2B400889BF6 /* HarmonizeMenuBarExtra.app */;
			productType = "com.apple.product-type.application";
		};
/* End PBXNativeTarget section */

/* Begin PBXProject section */
		5E0F413D2A55B2B400889BF6 /* Project object */ = {
			isa = PBXProject;
			attributes = {
				BuildIndependentTargetsInParallel = 1;
				LastSwiftUpdateCheck = 1430;
				LastUpgradeCheck = 1430;
				TargetAttributes = {
					5E0F41442A55B2B400889BF6 = {
						CreatedOnToolsVersion = 14.3.1;
					};
				};
			};
			buildConfigurationList = 5E0F41402A55B2B400889BF6 /* Build configuration list for PBXProject "HarmonizeMenuBarExtra" */;
			compatibilityVersion = "Xcode 14.0";
			developmentRegion = en;
			hasScannedForEncodings = 0;
			knownRegions = (
				en,
				Base,
			);
			mainGroup = 5E0F413C2A55B2B400889BF6;
			packageReferences = (
			);
			productRefGroup = 5E0F41462A55B2B400889BF6 /* Products */;
			projectDirPath = "";
			projectRoot = "";
			targets = (
				5E0F41442A55B2B400889BF6 /* HarmonizeMenuBarExtra */,
			);
		};
/* End PBXProject section */

/* Begin PBXResourcesBuildPhase section */
		5E0F41432A55B2B400889BF6 /* Resources */ = {
			isa = PBXResourcesBuildPhase;
			buildActionMask = 2147483647;
			files = (
				5E41FAA62A6703D60047E360 /* applications.json in Resources */,
				5EFAC0002A5E07EE0070FBAC /* user.json in Resources */,
				5E0F41502A55B2B400889BF6 /* Preview Assets.xcassets in Resources */,
				5E0F414D2A55B2B400889BF6 /* Assets.xcassets in Resources */,
			);
			runOnlyForDeploymentPostprocessing = 0;
		};
/* End PBXResourcesBuildPhase section */

/* Begin PBXShellScriptBuildPhase section */
		5E8785672A70414F0085354B /* SwiftLint */ = {
			isa = PBXShellScriptBuildPhase;
			alwaysOutOfDate = 1;
			buildActionMask = 2147483647;
			files = (
			);
			inputFileListPaths = (
			);
			inputPaths = (
			);
			name = SwiftLint;
			outputFileListPaths = (
			);
			outputPaths = (
			);
			runOnlyForDeploymentPostprocessing = 0;
			shellPath = /bin/sh;
			shellScript = "if [[ \"$(uname -m)\" == arm64 ]]; then\n    export PATH=\"/opt/homebrew/bin:$PATH\"\nfi\n\nif which swiftlint > /dev/null; then\n  swiftlint --fix\n  swiftlint\nelse\n  echo \"warning: SwiftLint not installed, download from https://github.com/realm/SwiftLint\"\nfi\n";
		};
/* End PBXShellScriptBuildPhase section */

/* Begin PBXSourcesBuildPhase section */
		5E0F41412A55B2B400889BF6 /* Sources */ = {
			isa = PBXSourcesBuildPhase;
			buildActionMask = 2147483647;
			files = (
				5EE161D92A7C360400163390 /* NetworkManager.swift in Sources */,
				5E8785692A7057CB0085354B /* AppCardView.swift in Sources */,
				5E41FAA82A6704430047E360 /* AppLibraryView.swift in Sources */,
				5EB6BA762A5F240D00B72537 /* MyAppAccessView.swift in Sources */,
				5EFAC0092A5E08ED0070FBAC /* FileManager-DocumentsDirectory.swift in Sources */,
				5E0F41582A55B31400889BF6 /* MenuBarView.swift in Sources */,
				5E0F414B2A55B2B400889BF6 /* ContentView.swift in Sources */,
				5E4B50012A5DF45A00A06336 /* UserPreviewView.swift in Sources */,
				5E47EB5B2A61D8F400AD7D06 /* PolicyDetailView.swift in Sources */,
				5EB09A0C2A65D83500EAC696 /* RequestAccessView.swift in Sources */,
				5E0F41492A55B2B400889BF6 /* HarmonizeMenuBarExtraApp.swift in Sources */,
				5EFAC0022A5E08170070FBAC /* User.swift in Sources */,
				5E4B4FFE2A5DF45A00A06336 /* RequestAppAccessCard.swift in Sources */,
				5EFAC00A2A5E08ED0070FBAC /* Bundle-Decodable.swift in Sources */,
				5EE161DB2A7C368500163390 /* Endpoint.swift in Sources */,
				5E4B50002A5DF45A00A06336 /* ViewGroupsCard.swift in Sources */,
				5E4B4FFF2A5DF45A00A06336 /* ViewAppAccessCard.swift in Sources */,
				5E80D0EC2A8150EF00B148EB /* EscrowKeyView.swift in Sources */,
				5EE161D42A7C2F9900163390 /* Host.swift in Sources */,
				5EB09A0A2A65D35500EAC696 /* DevicePolicyRow.swift in Sources */,
				5E317F672A5F200B00E9D619 /* AppRowView.swift in Sources */,
			);
			runOnlyForDeploymentPostprocessing = 0;
		};
/* End PBXSourcesBuildPhase section */

/* Begin XCBuildConfiguration section */
		5E0F41522A55B2B400889BF6 /* Debug */ = {
			isa = XCBuildConfiguration;
			baseConfigurationReference = 5EE161D22A7C2A9C00163390 /* Config.xcconfig */;
			buildSettings = {
				ALWAYS_SEARCH_USER_PATHS = NO;
				CLANG_ANALYZER_NONNULL = YES;
				CLANG_ANALYZER_NUMBER_OBJECT_CONVERSION = YES_AGGRESSIVE;
				CLANG_CXX_LANGUAGE_STANDARD = "gnu++20";
				CLANG_ENABLE_MODULES = YES;
				CLANG_ENABLE_OBJC_ARC = YES;
				CLANG_ENABLE_OBJC_WEAK = YES;
				CLANG_WARN_BLOCK_CAPTURE_AUTORELEASING = YES;
				CLANG_WARN_BOOL_CONVERSION = YES;
				CLANG_WARN_COMMA = YES;
				CLANG_WARN_CONSTANT_CONVERSION = YES;
				CLANG_WARN_DEPRECATED_OBJC_IMPLEMENTATIONS = YES;
				CLANG_WARN_DIRECT_OBJC_ISA_USAGE = YES_ERROR;
				CLANG_WARN_DOCUMENTATION_COMMENTS = YES;
				CLANG_WARN_EMPTY_BODY = YES;
				CLANG_WARN_ENUM_CONVERSION = YES;
				CLANG_WARN_INFINITE_RECURSION = YES;
				CLANG_WARN_INT_CONVERSION = YES;
				CLANG_WARN_NON_LITERAL_NULL_CONVERSION = YES;
				CLANG_WARN_OBJC_IMPLICIT_RETAIN_SELF = YES;
				CLANG_WARN_OBJC_LITERAL_CONVERSION = YES;
				CLANG_WARN_OBJC_ROOT_CLASS = YES_ERROR;
				CLANG_WARN_QUOTED_INCLUDE_IN_FRAMEWORK_HEADER = YES;
				CLANG_WARN_RANGE_LOOP_ANALYSIS = YES;
				CLANG_WARN_STRICT_PROTOTYPES = YES;
				CLANG_WARN_SUSPICIOUS_MOVE = YES;
				CLANG_WARN_UNGUARDED_AVAILABILITY = YES_AGGRESSIVE;
				CLANG_WARN_UNREACHABLE_CODE = YES;
				CLANG_WARN__DUPLICATE_METHOD_MATCH = YES;
				COPY_PHASE_STRIP = NO;
				DEBUG_INFORMATION_FORMAT = dwarf;
				ENABLE_STRICT_OBJC_MSGSEND = YES;
				ENABLE_TESTABILITY = YES;
				GCC_C_LANGUAGE_STANDARD = gnu11;
				GCC_DYNAMIC_NO_PIC = NO;
				GCC_NO_COMMON_BLOCKS = YES;
				GCC_OPTIMIZATION_LEVEL = 0;
				GCC_PREPROCESSOR_DEFINITIONS = (
					"DEBUG=1",
					"$(inherited)",
				);
				GCC_WARN_64_TO_32_BIT_CONVERSION = YES;
				GCC_WARN_ABOUT_RETURN_TYPE = YES_ERROR;
				GCC_WARN_UNDECLARED_SELECTOR = YES;
				GCC_WARN_UNINITIALIZED_AUTOS = YES_AGGRESSIVE;
				GCC_WARN_UNUSED_FUNCTION = YES;
				GCC_WARN_UNUSED_VARIABLE = YES;
				MACOSX_DEPLOYMENT_TARGET = 13.3;
				MTL_ENABLE_DEBUG_INFO = INCLUDE_SOURCE;
				MTL_FAST_MATH = YES;
				ONLY_ACTIVE_ARCH = YES;
				SDKROOT = macosx;
				SWIFT_ACTIVE_COMPILATION_CONDITIONS = DEBUG;
				SWIFT_OPTIMIZATION_LEVEL = "-Onone";
			};
			name = Debug;
		};
		5E0F41532A55B2B400889BF6 /* Release */ = {
			isa = XCBuildConfiguration;
			baseConfigurationReference = 5EE161D22A7C2A9C00163390 /* Config.xcconfig */;
			buildSettings = {
				ALWAYS_SEARCH_USER_PATHS = NO;
				CLANG_ANALYZER_NONNULL = YES;
				CLANG_ANALYZER_NUMBER_OBJECT_CONVERSION = YES_AGGRESSIVE;
				CLANG_CXX_LANGUAGE_STANDARD = "gnu++20";
				CLANG_ENABLE_MODULES = YES;
				CLANG_ENABLE_OBJC_ARC = YES;
				CLANG_ENABLE_OBJC_WEAK = YES;
				CLANG_WARN_BLOCK_CAPTURE_AUTORELEASING = YES;
				CLANG_WARN_BOOL_CONVERSION = YES;
				CLANG_WARN_COMMA = YES;
				CLANG_WARN_CONSTANT_CONVERSION = YES;
				CLANG_WARN_DEPRECATED_OBJC_IMPLEMENTATIONS = YES;
				CLANG_WARN_DIRECT_OBJC_ISA_USAGE = YES_ERROR;
				CLANG_WARN_DOCUMENTATION_COMMENTS = YES;
				CLANG_WARN_EMPTY_BODY = YES;
				CLANG_WARN_ENUM_CONVERSION = YES;
				CLANG_WARN_INFINITE_RECURSION = YES;
				CLANG_WARN_INT_CONVERSION = YES;
				CLANG_WARN_NON_LITERAL_NULL_CONVERSION = YES;
				CLANG_WARN_OBJC_IMPLICIT_RETAIN_SELF = YES;
				CLANG_WARN_OBJC_LITERAL_CONVERSION = YES;
				CLANG_WARN_OBJC_ROOT_CLASS = YES_ERROR;
				CLANG_WARN_QUOTED_INCLUDE_IN_FRAMEWORK_HEADER = YES;
				CLANG_WARN_RANGE_LOOP_ANALYSIS = YES;
				CLANG_WARN_STRICT_PROTOTYPES = YES;
				CLANG_WARN_SUSPICIOUS_MOVE = YES;
				CLANG_WARN_UNGUARDED_AVAILABILITY = YES_AGGRESSIVE;
				CLANG_WARN_UNREACHABLE_CODE = YES;
				CLANG_WARN__DUPLICATE_METHOD_MATCH = YES;
				COPY_PHASE_STRIP = NO;
				DEBUG_INFORMATION_FORMAT = "dwarf-with-dsym";
				ENABLE_NS_ASSERTIONS = NO;
				ENABLE_STRICT_OBJC_MSGSEND = YES;
				GCC_C_LANGUAGE_STANDARD = gnu11;
				GCC_NO_COMMON_BLOCKS = YES;
				GCC_WARN_64_TO_32_BIT_CONVERSION = YES;
				GCC_WARN_ABOUT_RETURN_TYPE = YES_ERROR;
				GCC_WARN_UNDECLARED_SELECTOR = YES;
				GCC_WARN_UNINITIALIZED_AUTOS = YES_AGGRESSIVE;
				GCC_WARN_UNUSED_FUNCTION = YES;
				GCC_WARN_UNUSED_VARIABLE = YES;
				MACOSX_DEPLOYMENT_TARGET = 13.3;
				MTL_ENABLE_DEBUG_INFO = NO;
				MTL_FAST_MATH = YES;
				SDKROOT = macosx;
				SWIFT_COMPILATION_MODE = wholemodule;
				SWIFT_OPTIMIZATION_LEVEL = "-O";
			};
			name = Release;
		};
		5E0F41552A55B2B400889BF6 /* Debug */ = {
			isa = XCBuildConfiguration;
			buildSettings = {
				ASSETCATALOG_COMPILER_APPICON_NAME = AppIcon;
				ASSETCATALOG_COMPILER_GLOBAL_ACCENT_COLOR_NAME = AccentColor;
				CODE_SIGN_ENTITLEMENTS = HarmonizeMenuBarExtra/Configuration/HarmonizeMenuBarExtra.entitlements;
				CODE_SIGN_STYLE = Automatic;
				COMBINE_HIDPI_IMAGES = YES;
				CURRENT_PROJECT_VERSION = 1;
				DEVELOPMENT_ASSET_PATHS = "\"HarmonizeMenuBarExtra/Preview Content\"";
				DEVELOPMENT_TEAM = 9KFD4XMR5C;
				ENABLE_HARDENED_RUNTIME = YES;
				ENABLE_PREVIEWS = YES;
				GENERATE_INFOPLIST_FILE = YES;
				INFOPLIST_FILE = HarmonizeMenuBarExtra/Configuration/Info.plist;
				INFOPLIST_KEY_LSApplicationCategoryType = "";
				INFOPLIST_KEY_LSUIElement = YES;
				INFOPLIST_KEY_NSHumanReadableCopyright = "";
				LD_RUNPATH_SEARCH_PATHS = (
					"$(inherited)",
					"@executable_path/../Frameworks",
				);
				MARKETING_VERSION = 1.0;
				PRODUCT_BUNDLE_IDENTIFIER = "io.harmonize-stg.HarmonizeMenuBarExtra";
				PRODUCT_NAME = "$(TARGET_NAME)";
				SWIFT_EMIT_LOC_STRINGS = YES;
				SWIFT_VERSION = 5.0;
			};
			name = Debug;
		};
		5E0F41562A55B2B400889BF6 /* Release */ = {
			isa = XCBuildConfiguration;
			buildSettings = {
				ASSETCATALOG_COMPILER_APPICON_NAME = AppIcon;
				ASSETCATALOG_COMPILER_GLOBAL_ACCENT_COLOR_NAME = AccentColor;
				CODE_SIGN_ENTITLEMENTS = HarmonizeMenuBarExtra/Configuration/HarmonizeMenuBarExtra.entitlements;
				CODE_SIGN_STYLE = Automatic;
				COMBINE_HIDPI_IMAGES = YES;
				CURRENT_PROJECT_VERSION = 1;
				DEVELOPMENT_ASSET_PATHS = "\"HarmonizeMenuBarExtra/Preview Content\"";
				DEVELOPMENT_TEAM = 9KFD4XMR5C;
				ENABLE_HARDENED_RUNTIME = YES;
				ENABLE_PREVIEWS = YES;
				GENERATE_INFOPLIST_FILE = YES;
				INFOPLIST_FILE = HarmonizeMenuBarExtra/Configuration/Info.plist;
				INFOPLIST_KEY_LSApplicationCategoryType = "";
				INFOPLIST_KEY_LSUIElement = YES;
				INFOPLIST_KEY_NSHumanReadableCopyright = "";
				LD_RUNPATH_SEARCH_PATHS = (
					"$(inherited)",
					"@executable_path/../Frameworks",
				);
				MARKETING_VERSION = 1.0;
				PRODUCT_BUNDLE_IDENTIFIER = "io.harmonize-stg.HarmonizeMenuBarExtra";
				PRODUCT_NAME = "$(TARGET_NAME)";
				SWIFT_EMIT_LOC_STRINGS = YES;
				SWIFT_VERSION = 5.0;
			};
			name = Release;
		};
/* End XCBuildConfiguration section */

/* Begin XCConfigurationList section */
		5E0F41402A55B2B400889BF6 /* Build configuration list for PBXProject "HarmonizeMenuBarExtra" */ = {
			isa = XCConfigurationList;
			buildConfigurations = (
				5E0F41522A55B2B400889BF6 /* Debug */,
				5E0F41532A55B2B400889BF6 /* Release */,
			);
			defaultConfigurationIsVisible = 0;
			defaultConfigurationName = Release;
		};
		5E0F41542A55B2B400889BF6 /* Build configuration list for PBXNativeTarget "HarmonizeMenuBarExtra" */ = {
			isa = XCConfigurationList;
			buildConfigurations = (
				5E0F41552A55B2B400889BF6 /* Debug */,
				5E0F41562A55B2B400889BF6 /* Release */,
			);
			defaultConfigurationIsVisible = 0;
			defaultConfigurationName = Release;
		};
/* End XCConfigurationList section */
	};
	rootObject = 5E0F413D2A55B2B400889BF6 /* Project object */;
}
